
Microsoft Visual Studio Solution File, Format Version 12.00
# Visual Studio 15
VisualStudioVersion = 15.0.27428.2015
MinimumVisualStudioVersion = 10.0.40219.1
Project("{8BC9CEB8-8B4A-11D0-8D11-00A0C91BC942}") = "TowerDefender_Client", "TowerDefender_Client\TowerDefender_Client.vcxproj", "{9DF3514F-51ED-44FB-801F-7741586EE964}"
EndProject
Global
	GlobalSection(SolutionConfigurationPlatforms) = preSolution
		Debug|x64 = Debug|x64
		Debug|x86 = Debug|x86
		Release|x64 = Release|x64
		Release|x86 = Release|x86
	EndGlobalSection
	GlobalSection(ProjectConfigurationPlatforms) = postSolution
		{9DF3514F-51ED-44FB-801F-7741586EE964}.Debug|x64.ActiveCfg = Debug|x64
		{9DF3514F-51ED-44FB-801F-7741586EE964}.Debug|x64.Build.0 = Debug|x64
		{9DF3514F-51ED-44FB-801F-7741586EE964}.Debug|x86.ActiveCfg = Debug|Win32
		{9DF3514F-51ED-44FB-801F-7741586EE964}.Debug|x86.Build.0 = Debug|Win32
		{9DF3514F-51ED-44FB-801F-7741586EE964}.Release|x64.ActiveCfg = Release|x64
		{9DF3514F-51ED-44FB-801F-7741586EE964}.Release|x64.Build.0 = Release|x64
		{9DF3514F-51ED-44FB-801F-7741586EE964}.Release|x86.ActiveCfg = Release|Win32
		{9DF3514F-51ED-44FB-801F-7741586EE964}.Release|x86.Build.0 = Release|Win32
	EndGlobalSection
	GlobalSection(SolutionProperties) = preSolution
		HideSolutionNode = FALSE
	EndGlobalSection
	GlobalSection(ExtensibilityGlobals) = postSolution
		SolutionGuid = {FC300992-0A66-4E56-9091-1B0A5F02E805}
	EndGlobalSection
EndGlobal
